
Microsoft Visual Studio Solution File, Format Version 12.00
# Visual Studio Version 17
VisualStudioVersion = 17.5.33502.453
MinimumVisualStudioVersion = 10.0.40219.1
Project("{FAE04EC0-301F-11D3-BF4B-00C04F79EFBC}") = "5.1", "5.1.csproj", "{C4BEA9F4-DFB2-4741-BE8D-1A8D69F430B5}"
EndProject
Global
	GlobalSection(SolutionConfigurationPlatforms) = preSolution
		Debug|Any CPU = Debug|Any CPU
		Release|Any CPU = Release|Any CPU
	EndGlobalSection
	GlobalSection(ProjectConfigurationPlatforms) = postSolution
		{C4BEA9F4-DFB2-4741-BE8D-1A8D69F430B5}.Debug|Any CPU.ActiveCfg = Debug|Any CPU
		{C4BEA9F4-DFB2-4741-BE8D-1A8D69F430B5}.Debug|Any CPU.Build.0 = Debug|Any CPU
		{C4BEA9F4-DFB2-4741-BE8D-1A8D69F430B5}.Release|Any CPU.ActiveCfg = Release|Any CPU
		{C4BEA9F4-DFB2-4741-BE8D-1A8D69F430B5}.Release|Any CPU.Build.0 = Release|Any CPU
	EndGlobalSection
	GlobalSection(SolutionProperties) = preSolution
		HideSolutionNode = FALSE
	EndGlobalSection
	GlobalSection(ExtensibilityGlobals) = postSolution
		SolutionGuid = {6F893900-EE4B-40FC-BA75-BAA2EFFADF56}
	EndGlobalSection
EndGlobal
